
Microsoft Visual Studio Solution File, Format Version 12.00
# Visual Studio 15
VisualStudioVersion = 15.0.26730.16
MinimumVisualStudioVersion = 10.0.40219.1
Project("{FAE04EC0-301F-11D3-BF4B-00C04F79EFBC}") = "test", "test\test.csproj", "{92465F88-D268-495F-BA5A-FCC7A863AABB}"
EndProject
Global
	GlobalSection(SolutionConfigurationPlatforms) = preSolution
		Debug|Any CPU = Debug|Any CPU
		Release|Any CPU = Release|Any CPU
	EndGlobalSection
	GlobalSection(ProjectConfigurationPlatforms) = postSolution
		{92465F88-D268-495F-BA5A-FCC7A863AABB}.Debug|Any CPU.ActiveCfg = Debug|Any CPU
		{92465F88-D268-495F-BA5A-FCC7A863AABB}.Debug|Any CPU.Build.0 = Debug|Any CPU
		{92465F88-D268-495F-BA5A-FCC7A863AABB}.Release|Any CPU.ActiveCfg = Release|Any CPU
		{92465F88-D268-495F-BA5A-FCC7A863AABB}.Release|Any CPU.Build.0 = Release|Any CPU
	EndGlobalSection
	GlobalSection(SolutionProperties) = preSolution
		HideSolutionNode = FALSE
	EndGlobalSection
	GlobalSection(ExtensibilityGlobals) = postSolution
		SolutionGuid = {E8C092D4-6911-4FB4-87B6-8A0F02298037}
	EndGlobalSection
EndGlobal
